// !$*UTF8*$!
{
	archiveVersion = 1;
	classes = {
	};
	objectVersion = 56;
	objects = {

/* Begin PBXBuildFile section */
		919E5AC129EAEC29005F7E9D /* ITA_12_Docs_OSZimtApp.swift in Sources */ = {isa = PBXBuildFile; fileRef = 919E5AC029EAEC29005F7E9D /* ITA_12_Docs_OSZimtApp.swift */; };
		919E5AC329EAEC29005F7E9D /* ContentView.swift in Sources */ = {isa = PBXBuildFile; fileRef = 919E5AC229EAEC29005F7E9D /* ContentView.swift */; };
		919E5AC529EAEC2A005F7E9D /* Assets.xcassets in Resources */ = {isa = PBXBuildFile; fileRef = 919E5AC429EAEC2A005F7E9D /* Assets.xcassets */; };
		919E5AC929EAEC2A005F7E9D /* Preview Assets.xcassets in Resources */ = {isa = PBXBuildFile; fileRef = 919E5AC829EAEC2A005F7E9D /* Preview Assets.xcassets */; };
		919E5AD329EAEC2A005F7E9D /* ITA_12_Docs_OSZimtTests.swift in Sources */ = {isa = PBXBuildFile; fileRef = 919E5AD229EAEC2A005F7E9D /* ITA_12_Docs_OSZimtTests.swift */; };
		919E5ADD29EAEC2A005F7E9D /* ITA_12_Docs_OSZimtUITests.swift in Sources */ = {isa = PBXBuildFile; fileRef = 919E5ADC29EAEC2A005F7E9D /* ITA_12_Docs_OSZimtUITests.swift */; };
		919E5ADF29EAEC2A005F7E9D /* ITA_12_Docs_OSZimtUITestsLaunchTests.swift in Sources */ = {isa = PBXBuildFile; fileRef = 919E5ADE29EAEC2A005F7E9D /* ITA_12_Docs_OSZimtUITestsLaunchTests.swift */; };
/* End PBXBuildFile section */

/* Begin PBXContainerItemProxy section */
		919E5ACF29EAEC2A005F7E9D /* PBXContainerItemProxy */ = {
			isa = PBXContainerItemProxy;
			containerPortal = 919E5AB529EAEC29005F7E9D /* Project object */;
			proxyType = 1;
			remoteGlobalIDString = 919E5ABC29EAEC29005F7E9D;
			remoteInfo = "ITA 12 Docs OSZimt";
		};
		919E5AD929EAEC2A005F7E9D /* PBXContainerItemProxy */ = {
			isa = PBXContainerItemProxy;
			containerPortal = 919E5AB529EAEC29005F7E9D /* Project object */;
			proxyType = 1;
			remoteGlobalIDString = 919E5ABC29EAEC29005F7E9D;
			remoteInfo = "ITA 12 Docs OSZimt";
		};
/* End PBXContainerItemProxy section */

/* Begin PBXFileReference section */
		919E5ABD29EAEC29005F7E9D /* ITA 12 Docs OSZimt.app */ = {isa = PBXFileReference; explicitFileType = wrapper.application; includeInIndex = 0; path = "ITA 12 Docs OSZimt.app"; sourceTree = BUILT_PRODUCTS_DIR; };
		919E5AC029EAEC29005F7E9D /* ITA_12_Docs_OSZimtApp.swift */ = {isa = PBXFileReference; lastKnownFileType = sourcecode.swift; path = ITA_12_Docs_OSZimtApp.swift; sourceTree = "<group>"; };
		919E5AC229EAEC29005F7E9D /* ContentView.swift */ = {isa = PBXFileReference; lastKnownFileType = sourcecode.swift; path = ContentView.swift; sourceTree = "<group>"; };
		919E5AC429EAEC2A005F7E9D /* Assets.xcassets */ = {isa = PBXFileReference; lastKnownFileType = folder.assetcatalog; path = Assets.xcassets; sourceTree = "<group>"; };
		919E5AC629EAEC2A005F7E9D /* ITA_12_Docs_OSZimt.entitlements */ = {isa = PBXFileReference; lastKnownFileType = text.plist.entitlements; path = ITA_12_Docs_OSZimt.entitlements; sourceTree = "<group>"; };
		919E5AC829EAEC2A005F7E9D /* Preview Assets.xcassets */ = {isa = PBXFileReference; lastKnownFileType = folder.assetcatalog; path = "Preview Assets.xcassets"; sourceTree = "<group>"; };
		919E5ACE29EAEC2A005F7E9D /* ITA 12 Docs OSZimtTests.xctest */ = {isa = PBXFileReference; explicitFileType = wrapper.cfbundle; includeInIndex = 0; path = "ITA 12 Docs OSZimtTests.xctest"; sourceTree = BUILT_PRODUCTS_DIR; };
		919E5AD229EAEC2A005F7E9D /* ITA_12_Docs_OSZimtTests.swift */ = {isa = PBXFileReference; lastKnownFileType = sourcecode.swift; path = ITA_12_Docs_OSZimtTests.swift; sourceTree = "<group>"; };
		919E5AD829EAEC2A005F7E9D /* ITA 12 Docs OSZimtUITests.xctest */ = {isa = PBXFileReference; explicitFileType = wrapper.cfbundle; includeInIndex = 0; path = "ITA 12 Docs OSZimtUITests.xctest"; sourceTree = BUILT_PRODUCTS_DIR; };
		919E5ADC29EAEC2A005F7E9D /* ITA_12_Docs_OSZimtUITests.swift */ = {isa = PBXFileReference; lastKnownFileType = sourcecode.swift; path = ITA_12_Docs_OSZimtUITests.swift; sourceTree = "<group>"; };
		919E5ADE29EAEC2A005F7E9D /* ITA_12_Docs_OSZimtUITestsLaunchTests.swift */ = {isa = PBXFileReference; lastKnownFileType = sourcecode.swift; path = ITA_12_Docs_OSZimtUITestsLaunchTests.swift; sourceTree = "<group>"; };
/* End PBXFileReference section */

/* Begin PBXFrameworksBuildPhase section */
		919E5ABA29EAEC29005F7E9D /* Frameworks */ = {
			isa = PBXFrameworksBuildPhase;
			buildActionMask = 2147483647;
			files = (
			);
			runOnlyForDeploymentPostprocessing = 0;
		};
		919E5ACB29EAEC2A005F7E9D /* Frameworks */ = {
			isa = PBXFrameworksBuildPhase;
			buildActionMask = 2147483647;
			files = (
			);
			runOnlyForDeploymentPostprocessing = 0;
		};
		919E5AD529EAEC2A005F7E9D /* Frameworks */ = {
			isa = PBXFrameworksBuildPhase;
			buildActionMask = 2147483647;
			files = (
			);
			runOnlyForDeploymentPostprocessing = 0;
		};
/* End PBXFrameworksBuildPhase section */

/* Begin PBXGroup section */
		919E5AB429EAEC29005F7E9D = {
			isa = PBXGroup;
			children = (
				919E5ABF29EAEC29005F7E9D /* ITA 12 Docs OSZimt */,
				919E5AD129EAEC2A005F7E9D /* ITA 12 Docs OSZimtTests */,
				919E5ADB29EAEC2A005F7E9D /* ITA 12 Docs OSZimtUITests */,
				919E5ABE29EAEC29005F7E9D /* Products */,
			);
			sourceTree = "<group>";
		};
		919E5ABE29EAEC29005F7E9D /* Products */ = {
			isa = PBXGroup;
			children = (
				919E5ABD29EAEC29005F7E9D /* ITA 12 Docs OSZimt.app */,
				919E5ACE29EAEC2A005F7E9D /* ITA 12 Docs OSZimtTests.xctest */,
				919E5AD829EAEC2A005F7E9D /* ITA 12 Docs OSZimtUITests.xctest */,
			);
			name = Products;
			sourceTree = "<group>";
		};
		919E5ABF29EAEC29005F7E9D /* ITA 12 Docs OSZimt */ = {
			isa = PBXGroup;
			children = (
				919E5AC029EAEC29005F7E9D /* ITA_12_Docs_OSZimtApp.swift */,
				919E5AC229EAEC29005F7E9D /* ContentView.swift */,
				919E5AC429EAEC2A005F7E9D /* Assets.xcassets */,
				919E5AC629EAEC2A005F7E9D /* ITA_12_Docs_OSZimt.entitlements */,
				919E5AC729EAEC2A005F7E9D /* Preview Content */,
			);
			path = "ITA 12 Docs OSZimt";
			sourceTree = "<group>";
		};
		919E5AC729EAEC2A005F7E9D /* Preview Content */ = {
			isa = PBXGroup;
			children = (
				919E5AC829EAEC2A005F7E9D /* Preview Assets.xcassets */,
			);
			path = "Preview Content";
			sourceTree = "<group>";
		};
		919E5AD129EAEC2A005F7E9D /* ITA 12 Docs OSZimtTests */ = {
			isa = PBXGroup;
			children = (
				919E5AD229EAEC2A005F7E9D /* ITA_12_Docs_OSZimtTests.swift */,
			);
			path = "ITA 12 Docs OSZimtTests";
			sourceTree = "<group>";
		};
		919E5ADB29EAEC2A005F7E9D /* ITA 12 Docs OSZimtUITests */ = {
			isa = PBXGroup;
			children = (
				919E5ADC29EAEC2A005F7E9D /* ITA_12_Docs_OSZimtUITests.swift */,
				919E5ADE29EAEC2A005F7E9D /* ITA_12_Docs_OSZimtUITestsLaunchTests.swift */,
			);
			path = "ITA 12 Docs OSZimtUITests";
			sourceTree = "<group>";
		};
/* End PBXGroup section */

/* Begin PBXNativeTarget section */
		919E5ABC29EAEC29005F7E9D /* ITA 12 Docs OSZimt */ = {
			isa = PBXNativeTarget;
			buildConfigurationList = 919E5AE229EAEC2A005F7E9D /* Build configuration list for PBXNativeTarget "ITA 12 Docs OSZimt" */;
			buildPhases = (
				919E5AB929EAEC29005F7E9D /* Sources */,
				919E5ABA29EAEC29005F7E9D /* Frameworks */,
				919E5ABB29EAEC29005F7E9D /* Resources */,
			);
			buildRules = (
			);
			dependencies = (
			);
			name = "ITA 12 Docs OSZimt";
			packageProductDependencies = (
			);
			productName = "ITA 12 Docs OSZimt";
			productReference = 919E5ABD29EAEC29005F7E9D /* ITA 12 Docs OSZimt.app */;
			productType = "com.apple.product-type.application";
		};
		919E5ACD29EAEC2A005F7E9D /* ITA 12 Docs OSZimtTests */ = {
			isa = PBXNativeTarget;
			buildConfigurationList = 919E5AE529EAEC2A005F7E9D /* Build configuration list for PBXNativeTarget "ITA 12 Docs OSZimtTests" */;
			buildPhases = (
				919E5ACA29EAEC2A005F7E9D /* Sources */,
				919E5ACB29EAEC2A005F7E9D /* Frameworks */,
				919E5ACC29EAEC2A005F7E9D /* Resources */,
			);
			buildRules = (
			);
			dependencies = (
				919E5AD029EAEC2A005F7E9D /* PBXTargetDependency */,
			);
			name = "ITA 12 Docs OSZimtTests";
			productName = "ITA 12 Docs OSZimtTests";
			productReference = 919E5ACE29EAEC2A005F7E9D /* ITA 12 Docs OSZimtTests.xctest */;
			productType = "com.apple.product-type.bundle.unit-test";
		};
		919E5AD729EAEC2A005F7E9D /* ITA 12 Docs OSZimtUITests */ = {
			isa = PBXNativeTarget;
			buildConfigurationList = 919E5AE829EAEC2A005F7E9D /* Build configuration list for PBXNativeTarget "ITA 12 Docs OSZimtUITests" */;
			buildPhases = (
				919E5AD429EAEC2A005F7E9D /* Sources */,
				919E5AD529EAEC2A005F7E9D /* Frameworks */,
				919E5AD629EAEC2A005F7E9D /* Resources */,
			);
			buildRules = (
			);
			dependencies = (
				919E5ADA29EAEC2A005F7E9D /* PBXTargetDependency */,
			);
			name = "ITA 12 Docs OSZimtUITests";
			productName = "ITA 12 Docs OSZimtUITests";
			productReference = 919E5AD829EAEC2A005F7E9D /* ITA 12 Docs OSZimtUITests.xctest */;
			productType = "com.apple.product-type.bundle.ui-testing";
		};
/* End PBXNativeTarget section */

/* Begin PBXProject section */
		919E5AB529EAEC29005F7E9D /* Project object */ = {
			isa = PBXProject;
			attributes = {
				BuildIndependentTargetsInParallel = 1;
				LastSwiftUpdateCheck = 1430;
				LastUpgradeCheck = 1430;
				TargetAttributes = {
					919E5ABC29EAEC29005F7E9D = {
						CreatedOnToolsVersion = 14.3;
					};
					919E5ACD29EAEC2A005F7E9D = {
						CreatedOnToolsVersion = 14.3;
						TestTargetID = 919E5ABC29EAEC29005F7E9D;
					};
					919E5AD729EAEC2A005F7E9D = {
						CreatedOnToolsVersion = 14.3;
						TestTargetID = 919E5ABC29EAEC29005F7E9D;
					};
				};
			};
			buildConfigurationList = 919E5AB829EAEC29005F7E9D /* Build configuration list for PBXProject "ITA 12 Docs" */;
			compatibilityVersion = "Xcode 14.0";
			developmentRegion = de;
			hasScannedForEncodings = 0;
			knownRegions = (
				en,
				Base,
				de,
			);
			mainGroup = 919E5AB429EAEC29005F7E9D;
			packageReferences = (
			);
			productRefGroup = 919E5ABE29EAEC29005F7E9D /* Products */;
			projectDirPath = "";
			projectRoot = "";
			targets = (
				919E5ABC29EAEC29005F7E9D /* ITA 12 Docs OSZimt */,
				919E5ACD29EAEC2A005F7E9D /* ITA 12 Docs OSZimtTests */,
				919E5AD729EAEC2A005F7E9D /* ITA 12 Docs OSZimtUITests */,
			);
		};
/* End PBXProject section */

/* Begin PBXResourcesBuildPhase section */
		919E5ABB29EAEC29005F7E9D /* Resources */ = {
			isa = PBXResourcesBuildPhase;
			buildActionMask = 2147483647;
			files = (
				919E5AC929EAEC2A005F7E9D /* Preview Assets.xcassets in Resources */,
				919E5AC529EAEC2A005F7E9D /* Assets.xcassets in Resources */,
			);
			runOnlyForDeploymentPostprocessing = 0;
		};
		919E5ACC29EAEC2A005F7E9D /* Resources */ = {
			isa = PBXResourcesBuildPhase;
			buildActionMask = 2147483647;
			files = (
			);
			runOnlyForDeploymentPostprocessing = 0;
		};
		919E5AD629EAEC2A005F7E9D /* Resources */ = {
			isa = PBXResourcesBuildPhase;
			buildActionMask = 2147483647;
			files = (
			);
			runOnlyForDeploymentPostprocessing = 0;
		};
/* End PBXResourcesBuildPhase section */

/* Begin PBXSourcesBuildPhase section */
		919E5AB929EAEC29005F7E9D /* Sources */ = {
			isa = PBXSourcesBuildPhase;
			buildActionMask = 2147483647;
			files = (
				919E5AC329EAEC29005F7E9D /* ContentView.swift in Sources */,
				919E5AC129EAEC29005F7E9D /* ITA_12_Docs_OSZimtApp.swift in Sources */,
			);
			runOnlyForDeploymentPostprocessing = 0;
		};
		919E5ACA29EAEC2A005F7E9D /* Sources */ = {
			isa = PBXSourcesBuildPhase;
			buildActionMask = 2147483647;
			files = (
				919E5AD329EAEC2A005F7E9D /* ITA_12_Docs_OSZimtTests.swift in Sources */,
			);
			runOnlyForDeploymentPostprocessing = 0;
		};
		919E5AD429EAEC2A005F7E9D /* Sources */ = {
			isa = PBXSourcesBuildPhase;
			buildActionMask = 2147483647;
			files = (
				919E5ADD29EAEC2A005F7E9D /* ITA_12_Docs_OSZimtUITests.swift in Sources */,
				919E5ADF29EAEC2A005F7E9D /* ITA_12_Docs_OSZimtUITestsLaunchTests.swift in Sources */,
			);
			runOnlyForDeploymentPostprocessing = 0;
		};
/* End PBXSourcesBuildPhase section */

/* Begin PBXTargetDependency section */
		919E5AD029EAEC2A005F7E9D /* PBXTargetDependency */ = {
			isa = PBXTargetDependency;
			target = 919E5ABC29EAEC29005F7E9D /* ITA 12 Docs OSZimt */;
			targetProxy = 919E5ACF29EAEC2A005F7E9D /* PBXContainerItemProxy */;
		};
		919E5ADA29EAEC2A005F7E9D /* PBXTargetDependency */ = {
			isa = PBXTargetDependency;
			target = 919E5ABC29EAEC29005F7E9D /* ITA 12 Docs OSZimt */;
			targetProxy = 919E5AD929EAEC2A005F7E9D /* PBXContainerItemProxy */;
		};
/* End PBXTargetDependency section */

/* Begin XCBuildConfiguration section */
		919E5AE029EAEC2A005F7E9D /* Debug */ = {
			isa = XCBuildConfiguration;
			buildSettings = {
				ALWAYS_SEARCH_USER_PATHS = NO;
				CLANG_ANALYZER_NONNULL = YES;
				CLANG_ANALYZER_NUMBER_OBJECT_CONVERSION = YES_AGGRESSIVE;
				CLANG_CXX_LANGUAGE_STANDARD = "gnu++20";
				CLANG_ENABLE_MODULES = YES;
				CLANG_ENABLE_OBJC_ARC = YES;
				CLANG_ENABLE_OBJC_WEAK = YES;
				CLANG_WARN_BLOCK_CAPTURE_AUTORELEASING = YES;
				CLANG_WARN_BOOL_CONVERSION = YES;
				CLANG_WARN_COMMA = YES;
				CLANG_WARN_CONSTANT_CONVERSION = YES;
				CLANG_WARN_DEPRECATED_OBJC_IMPLEMENTATIONS = YES;
				CLANG_WARN_DIRECT_OBJC_ISA_USAGE = YES_ERROR;
				CLANG_WARN_DOCUMENTATION_COMMENTS = YES;
				CLANG_WARN_EMPTY_BODY = YES;
				CLANG_WARN_ENUM_CONVERSION = YES;
				CLANG_WARN_INFINITE_RECURSION = YES;
				CLANG_WARN_INT_CONVERSION = YES;
				CLANG_WARN_NON_LITERAL_NULL_CONVERSION = YES;
				CLANG_WARN_OBJC_IMPLICIT_RETAIN_SELF = YES;
				CLANG_WARN_OBJC_LITERAL_CONVERSION = YES;
				CLANG_WARN_OBJC_ROOT_CLASS = YES_ERROR;
				CLANG_WARN_QUOTED_INCLUDE_IN_FRAMEWORK_HEADER = YES;
				CLANG_WARN_RANGE_LOOP_ANALYSIS = YES;
				CLANG_WARN_STRICT_PROTOTYPES = YES;
				CLANG_WARN_SUSPICIOUS_MOVE = YES;
				CLANG_WARN_UNGUARDED_AVAILABILITY = YES_AGGRESSIVE;
				CLANG_WARN_UNREACHABLE_CODE = YES;
				CLANG_WARN__DUPLICATE_METHOD_MATCH = YES;
				COPY_PHASE_STRIP = NO;
				DEBUG_INFORMATION_FORMAT = dwarf;
				ENABLE_STRICT_OBJC_MSGSEND = YES;
				ENABLE_TESTABILITY = YES;
				GCC_C_LANGUAGE_STANDARD = gnu11;
				GCC_DYNAMIC_NO_PIC = NO;
				GCC_NO_COMMON_BLOCKS = YES;
				GCC_OPTIMIZATION_LEVEL = 0;
				GCC_PREPROCESSOR_DEFINITIONS = (
					"DEBUG=1",
					"$(inherited)",
				);
				GCC_WARN_64_TO_32_BIT_CONVERSION = YES;
				GCC_WARN_ABOUT_RETURN_TYPE = YES_ERROR;
				GCC_WARN_UNDECLARED_SELECTOR = YES;
				GCC_WARN_UNINITIALIZED_AUTOS = YES_AGGRESSIVE;
				GCC_WARN_UNUSED_FUNCTION = YES;
				GCC_WARN_UNUSED_VARIABLE = YES;
				IPHONEOS_DEPLOYMENT_TARGET = 14.0;
				MACOSX_DEPLOYMENT_TARGET = 11.0;
				MTL_ENABLE_DEBUG_INFO = INCLUDE_SOURCE;
				MTL_FAST_MATH = YES;
				ONLY_ACTIVE_ARCH = YES;
				SWIFT_ACTIVE_COMPILATION_CONDITIONS = DEBUG;
				SWIFT_OPTIMIZATION_LEVEL = "-Onone";
			};
			name = Debug;
		};
		919E5AE129EAEC2A005F7E9D /* Release */ = {
			isa = XCBuildConfiguration;
			buildSettings = {
				ALWAYS_SEARCH_USER_PATHS = NO;
				CLANG_ANALYZER_NONNULL = YES;
				CLANG_ANALYZER_NUMBER_OBJECT_CONVERSION = YES_AGGRESSIVE;
				CLANG_CXX_LANGUAGE_STANDARD = "gnu++20";
				CLANG_ENABLE_MODULES = YES;
				CLANG_ENABLE_OBJC_ARC = YES;
				CLANG_ENABLE_OBJC_WEAK = YES;
				CLANG_WARN_BLOCK_CAPTURE_AUTORELEASING = YES;
				CLANG_WARN_BOOL_CONVERSION = YES;
				CLANG_WARN_COMMA = YES;
				CLANG_WARN_CONSTANT_CONVERSION = YES;
				CLANG_WARN_DEPRECATED_OBJC_IMPLEMENTATIONS = YES;
				CLANG_WARN_DIRECT_OBJC_ISA_USAGE = YES_ERROR;
				CLANG_WARN_DOCUMENTATION_COMMENTS = YES;
				CLANG_WARN_EMPTY_BODY = YES;
				CLANG_WARN_ENUM_CONVERSION = YES;
				CLANG_WARN_INFINITE_RECURSION = YES;
				CLANG_WARN_INT_CONVERSION = YES;
				CLANG_WARN_NON_LITERAL_NULL_CONVERSION = YES;
				CLANG_WARN_OBJC_IMPLICIT_RETAIN_SELF = YES;
				CLANG_WARN_OBJC_LITERAL_CONVERSION = YES;
				CLANG_WARN_OBJC_ROOT_CLASS = YES_ERROR;
				CLANG_WARN_QUOTED_INCLUDE_IN_FRAMEWORK_HEADER = YES;
				CLANG_WARN_RANGE_LOOP_ANALYSIS = YES;
				CLANG_WARN_STRICT_PROTOTYPES = YES;
				CLANG_WARN_SUSPICIOUS_MOVE = YES;
				CLANG_WARN_UNGUARDED_AVAILABILITY = YES_AGGRESSIVE;
				CLANG_WARN_UNREACHABLE_CODE = YES;
				CLANG_WARN__DUPLICATE_METHOD_MATCH = YES;
				COPY_PHASE_STRIP = NO;
				DEBUG_INFORMATION_FORMAT = "dwarf-with-dsym";
				ENABLE_NS_ASSERTIONS = NO;
				ENABLE_STRICT_OBJC_MSGSEND = YES;
				GCC_C_LANGUAGE_STANDARD = gnu11;
				GCC_NO_COMMON_BLOCKS = YES;
				GCC_WARN_64_TO_32_BIT_CONVERSION = YES;
				GCC_WARN_ABOUT_RETURN_TYPE = YES_ERROR;
				GCC_WARN_UNDECLARED_SELECTOR = YES;
				GCC_WARN_UNINITIALIZED_AUTOS = YES_AGGRESSIVE;
				GCC_WARN_UNUSED_FUNCTION = YES;
				GCC_WARN_UNUSED_VARIABLE = YES;
				IPHONEOS_DEPLOYMENT_TARGET = 14.0;
				MACOSX_DEPLOYMENT_TARGET = 11.0;
				MTL_ENABLE_DEBUG_INFO = NO;
				MTL_FAST_MATH = YES;
				SWIFT_COMPILATION_MODE = wholemodule;
				SWIFT_OPTIMIZATION_LEVEL = "-O";
			};
			name = Release;
		};
		919E5AE329EAEC2A005F7E9D /* Debug */ = {
			isa = XCBuildConfiguration;
			buildSettings = {
				ASSETCATALOG_COMPILER_APPICON_NAME = AppIcon;
				ASSETCATALOG_COMPILER_GLOBAL_ACCENT_COLOR_NAME = AccentColor;
				CODE_SIGN_ENTITLEMENTS = "ITA 12 Docs OSZimt/ITA_12_Docs_OSZimt.entitlements";
				"CODE_SIGN_IDENTITY[sdk=macosx*]" = "Apple Development";
				CODE_SIGN_STYLE = Automatic;
				DEVELOPMENT_ASSET_PATHS = "\"ITA 12 Docs OSZimt/Preview Content\"";
				DEVELOPMENT_TEAM = 3KUZ76Z8W3;
				ENABLE_HARDENED_RUNTIME = YES;
				"ENABLE_HARDENED_RUNTIME[sdk=macosx*]" = YES;
				ENABLE_PREVIEWS = YES;
				GENERATE_INFOPLIST_FILE = YES;
				INFOPLIST_KEY_CFBundleDisplayName = "ITA 12 Docs";
				INFOPLIST_KEY_LSApplicationCategoryType = "public.app-category.education";
				"INFOPLIST_KEY_UIApplicationSceneManifest_Generation[sdk=iphoneos*]" = YES;
				"INFOPLIST_KEY_UIApplicationSceneManifest_Generation[sdk=iphonesimulator*]" = YES;
				"INFOPLIST_KEY_UIApplicationSupportsIndirectInputEvents[sdk=iphoneos*]" = YES;
				"INFOPLIST_KEY_UIApplicationSupportsIndirectInputEvents[sdk=iphonesimulator*]" = YES;
				"INFOPLIST_KEY_UILaunchScreen_Generation[sdk=iphoneos*]" = YES;
				"INFOPLIST_KEY_UILaunchScreen_Generation[sdk=iphonesimulator*]" = YES;
				INFOPLIST_KEY_UIStatusBarHidden = YES;
				"INFOPLIST_KEY_UIStatusBarStyle[sdk=iphoneos*]" = UIStatusBarStyleDefault;
				"INFOPLIST_KEY_UIStatusBarStyle[sdk=iphonesimulator*]" = UIStatusBarStyleDefault;
				INFOPLIST_KEY_UISupportedInterfaceOrientations = "UIInterfaceOrientationLandscapeLeft UIInterfaceOrientationLandscapeRight UIInterfaceOrientationPortrait";
				INFOPLIST_KEY_UISupportedInterfaceOrientations_iPad = "UIInterfaceOrientationLandscapeLeft UIInterfaceOrientationLandscapeRight";
				IPHONEOS_DEPLOYMENT_TARGET = 14.0;
				LD_RUNPATH_SEARCH_PATHS = "@executable_path/Frameworks";
				"LD_RUNPATH_SEARCH_PATHS[sdk=macosx*]" = "@executable_path/../Frameworks";
				MACOSX_DEPLOYMENT_TARGET = 11.0;
				MARKETING_VERSION = 1.1;
				PRODUCT_BUNDLE_IDENTIFIER = "comboomPunkTsucht.ITA-12-Docs-OSZimt";
				"PRODUCT_BUNDLE_IDENTIFIER[sdk=iphoneos*]" = "ITA-12-Docs-OSZimt";
				"PRODUCT_BUNDLE_IDENTIFIER[sdk=macosx*]" = "ITA-12-Docs-OSZimt";
				PRODUCT_NAME = "$(TARGET_NAME)";
				SDKROOT = auto;
				SUPPORTED_PLATFORMS = "iphoneos iphonesimulator";
				SUPPORTS_MACCATALYST = YES;
				SUPPORTS_MAC_DESIGNED_FOR_IPHONE_IPAD = NO;
				SWIFT_EMIT_LOC_STRINGS = YES;
				SWIFT_VERSION = 5.0;
				TARGETED_DEVICE_FAMILY = "2,6";
			};
			name = Debug;
		};
		919E5AE429EAEC2A005F7E9D /* Release */ = {
			isa = XCBuildConfiguration;
			buildSettings = {
				ASSETCATALOG_COMPILER_APPICON_NAME = AppIcon;
				ASSETCATALOG_COMPILER_GLOBAL_ACCENT_COLOR_NAME = AccentColor;
				CODE_SIGN_ENTITLEMENTS = "ITA 12 Docs OSZimt/ITA_12_Docs_OSZimt.entitlements";
				"CODE_SIGN_IDENTITY[sdk=macosx*]" = "Apple Development";
				CODE_SIGN_STYLE = Automatic;
				DEVELOPMENT_ASSET_PATHS = "\"ITA 12 Docs OSZimt/Preview Content\"";
				DEVELOPMENT_TEAM = 3KUZ76Z8W3;
				ENABLE_HARDENED_RUNTIME = YES;
				"ENABLE_HARDENED_RUNTIME[sdk=macosx*]" = YES;
				ENABLE_PREVIEWS = YES;
				GENERATE_INFOPLIST_FILE = YES;
				INFOPLIST_KEY_CFBundleDisplayName = "ITA 12 Docs";
				INFOPLIST_KEY_LSApplicationCategoryType = "public.app-category.education";
				"INFOPLIST_KEY_UIApplicationSceneManifest_Generation[sdk=iphoneos*]" = YES;
				"INFOPLIST_KEY_UIApplicationSceneManifest_Generation[sdk=iphonesimulator*]" = YES;
				"INFOPLIST_KEY_UIApplicationSupportsIndirectInputEvents[sdk=iphoneos*]" = YES;
				"INFOPLIST_KEY_UIApplicationSupportsIndirectInputEvents[sdk=iphonesimulator*]" = YES;
				"INFOPLIST_KEY_UILaunchScreen_Generation[sdk=iphoneos*]" = YES;
				"INFOPLIST_KEY_UILaunchScreen_Generation[sdk=iphonesimulator*]" = YES;
				INFOPLIST_KEY_UIStatusBarHidden = YES;
				"INFOPLIST_KEY_UIStatusBarStyle[sdk=iphoneos*]" = UIStatusBarStyleDefault;
				"INFOPLIST_KEY_UIStatusBarStyle[sdk=iphonesimulator*]" = UIStatusBarStyleDefault;
				INFOPLIST_KEY_UISupportedInterfaceOrientations = "UIInterfaceOrientationLandscapeLeft UIInterfaceOrientationLandscapeRight UIInterfaceOrientationPortrait";
				INFOPLIST_KEY_UISupportedInterfaceOrientations_iPad = "UIInterfaceOrientationLandscapeLeft UIInterfaceOrientationLandscapeRight";
				IPHONEOS_DEPLOYMENT_TARGET = 14.0;
				LD_RUNPATH_SEARCH_PATHS = "@executable_path/Frameworks";
				"LD_RUNPATH_SEARCH_PATHS[sdk=macosx*]" = "@executable_path/../Frameworks";
				MACOSX_DEPLOYMENT_TARGET = 11.0;
				MARKETING_VERSION = 1.1;
				PRODUCT_BUNDLE_IDENTIFIER = "comboomPunkTsucht.ITA-12-Docs-OSZimt";
				"PRODUCT_BUNDLE_IDENTIFIER[sdk=iphoneos*]" = "ITA-12-Docs-OSZimt";
				"PRODUCT_BUNDLE_IDENTIFIER[sdk=macosx*]" = "ITA-12-Docs-OSZimt";
				PRODUCT_NAME = "$(TARGET_NAME)";
				SDKROOT = auto;
				SUPPORTED_PLATFORMS = "iphoneos iphonesimulator";
				SUPPORTS_MACCATALYST = YES;
				SUPPORTS_MAC_DESIGNED_FOR_IPHONE_IPAD = NO;
				SWIFT_EMIT_LOC_STRINGS = YES;
				SWIFT_VERSION = 5.0;
				TARGETED_DEVICE_FAMILY = "2,6";
			};
			name = Release;
		};
		919E5AE629EAEC2A005F7E9D /* Debug */ = {
			isa = XCBuildConfiguration;
			buildSettings = {
				ALWAYS_EMBED_SWIFT_STANDARD_LIBRARIES = YES;
				BUNDLE_LOADER = "$(TEST_HOST)";
				CODE_SIGN_STYLE = Automatic;
				CURRENT_PROJECT_VERSION = 1;
				DEVELOPMENT_TEAM = 3KUZ76Z8W3;
				GENERATE_INFOPLIST_FILE = YES;
				IPHONEOS_DEPLOYMENT_TARGET = 16.4;
				MACOSX_DEPLOYMENT_TARGET = 13.3;
				MARKETING_VERSION = 1.0;
				PRODUCT_BUNDLE_IDENTIFIER = "comboomPunkTsucht.ITA-12-Docs-OSZimtTests";
				PRODUCT_NAME = "$(TARGET_NAME)";
				SDKROOT = auto;
				SUPPORTED_PLATFORMS = "iphoneos iphonesimulator macosx";
				SWIFT_EMIT_LOC_STRINGS = NO;
				SWIFT_VERSION = 5.0;
				TARGETED_DEVICE_FAMILY = "1,2";
				TEST_HOST = "$(BUILT_PRODUCTS_DIR)/ITA 12 Docs OSZimt.app/$(BUNDLE_EXECUTABLE_FOLDER_PATH)/ITA 12 Docs OSZimt";
			};
			name = Debug;
		};
		919E5AE729EAEC2A005F7E9D /* Release */ = {
			isa = XCBuildConfiguration;
			buildSettings = {
				ALWAYS_EMBED_SWIFT_STANDARD_LIBRARIES = YES;
				BUNDLE_LOADER = "$(TEST_HOST)";
				CODE_SIGN_STYLE = Automatic;
				CURRENT_PROJECT_VERSION = 1;
				DEVELOPMENT_TEAM = 3KUZ76Z8W3;
				GENERATE_INFOPLIST_FILE = YES;
				IPHONEOS_DEPLOYMENT_TARGET = 16.4;
				MACOSX_DEPLOYMENT_TARGET = 13.3;
				MARKETING_VERSION = 1.0;
				PRODUCT_BUNDLE_IDENTIFIER = "comboomPunkTsucht.ITA-12-Docs-OSZimtTests";
				PRODUCT_NAME = "$(TARGET_NAME)";
				SDKROOT = auto;
				SUPPORTED_PLATFORMS = "iphoneos iphonesimulator macosx";
				SWIFT_EMIT_LOC_STRINGS = NO;
				SWIFT_VERSION = 5.0;
				TARGETED_DEVICE_FAMILY = "1,2";
				TEST_HOST = "$(BUILT_PRODUCTS_DIR)/ITA 12 Docs OSZimt.app/$(BUNDLE_EXECUTABLE_FOLDER_PATH)/ITA 12 Docs OSZimt";
			};
			name = Release;
		};
		919E5AE929EAEC2A005F7E9D /* Debug */ = {
			isa = XCBuildConfiguration;
			buildSettings = {
				ALWAYS_EMBED_SWIFT_STANDARD_LIBRARIES = YES;
				CODE_SIGN_STYLE = Automatic;
				CURRENT_PROJECT_VERSION = 1;
				DEVELOPMENT_TEAM = 3KUZ76Z8W3;
				GENERATE_INFOPLIST_FILE = YES;
				IPHONEOS_DEPLOYMENT_TARGET = 16.4;
				MACOSX_DEPLOYMENT_TARGET = 13.3;
				MARKETING_VERSION = 1.0;
				PRODUCT_BUNDLE_IDENTIFIER = "comboomPunkTsucht.ITA-12-Docs-OSZimtUITests";
				PRODUCT_NAME = "$(TARGET_NAME)";
				SDKROOT = auto;
				SUPPORTED_PLATFORMS = "iphoneos iphonesimulator macosx";
				SWIFT_EMIT_LOC_STRINGS = NO;
				SWIFT_VERSION = 5.0;
				TARGETED_DEVICE_FAMILY = "1,2";
				TEST_TARGET_NAME = "ITA 12 Docs OSZimt";
			};
			name = Debug;
		};
		919E5AEA29EAEC2A005F7E9D /* Release */ = {
			isa = XCBuildConfiguration;
			buildSettings = {
				ALWAYS_EMBED_SWIFT_STANDARD_LIBRARIES = YES;
				CODE_SIGN_STYLE = Automatic;
				CURRENT_PROJECT_VERSION = 1;
				DEVELOPMENT_TEAM = 3KUZ76Z8W3;
				GENERATE_INFOPLIST_FILE = YES;
				IPHONEOS_DEPLOYMENT_TARGET = 16.4;
				MACOSX_DEPLOYMENT_TARGET = 13.3;
				MARKETING_VERSION = 1.0;
				PRODUCT_BUNDLE_IDENTIFIER = "comboomPunkTsucht.ITA-12-Docs-OSZimtUITests";
				PRODUCT_NAME = "$(TARGET_NAME)";
				SDKROOT = auto;
				SUPPORTED_PLATFORMS = "iphoneos iphonesimulator macosx";
				SWIFT_EMIT_LOC_STRINGS = NO;
				SWIFT_VERSION = 5.0;
				TARGETED_DEVICE_FAMILY = "1,2";
				TEST_TARGET_NAME = "ITA 12 Docs OSZimt";
			};
			name = Release;
		};
/* End XCBuildConfiguration section */

/* Begin XCConfigurationList section */
		919E5AB829EAEC29005F7E9D /* Build configuration list for PBXProject "ITA 12 Docs" */ = {
			isa = XCConfigurationList;
			buildConfigurations = (
				919E5AE029EAEC2A005F7E9D /* Debug */,
				919E5AE129EAEC2A005F7E9D /* Release */,
			);
			defaultConfigurationIsVisible = 0;
			defaultConfigurationName = Release;
		};
		919E5AE229EAEC2A005F7E9D /* Build configuration list for PBXNativeTarget "ITA 12 Docs OSZimt" */ = {
			isa = XCConfigurationList;
			buildConfigurations = (
				919E5AE329EAEC2A005F7E9D /* Debug */,
				919E5AE429EAEC2A005F7E9D /* Release */,
			);
			defaultConfigurationIsVisible = 0;
			defaultConfigurationName = Release;
		};
		919E5AE529EAEC2A005F7E9D /* Build configuration list for PBXNativeTarget "ITA 12 Docs OSZimtTests" */ = {
			isa = XCConfigurationList;
			buildConfigurations = (
				919E5AE629EAEC2A005F7E9D /* Debug */,
				919E5AE729EAEC2A005F7E9D /* Release */,
			);
			defaultConfigurationIsVisible = 0;
			defaultConfigurationName = Release;
		};
		919E5AE829EAEC2A005F7E9D /* Build configuration list for PBXNativeTarget "ITA 12 Docs OSZimtUITests" */ = {
			isa = XCConfigurationList;
			buildConfigurations = (
				919E5AE929EAEC2A005F7E9D /* Debug */,
				919E5AEA29EAEC2A005F7E9D /* Release */,
			);
			defaultConfigurationIsVisible = 0;
			defaultConfigurationName = Release;
		};
/* End XCConfigurationList section */
	};
	rootObject = 919E5AB529EAEC29005F7E9D /* Project object */;
}
