// !$*UTF8*$!
{
	archiveVersion = 1;
	classes = {
	};
	objectVersion = 56;
	objects = {

/* Begin PBXBuildFile section */
		9109BF4929D58E1C00534B0D /* Assets.xcassets in Resources */ = {isa = PBXBuildFile; fileRef = 9164774629D480FE00C31445 /* Assets.xcassets */; };
		9109BF4A29D58E1D00534B0D /* Assets.xcassets in Resources */ = {isa = PBXBuildFile; fileRef = 9164774629D480FE00C31445 /* Assets.xcassets */; };
		9164774329D480FD00C31445 /* ITA_12_Docs_OSZimtApp.swift in Sources */ = {isa = PBXBuildFile; fileRef = 9164774229D480FD00C31445 /* ITA_12_Docs_OSZimtApp.swift */; };
		9164774529D480FE00C31445 /* ContentView.swift in Sources */ = {isa = PBXBuildFile; fileRef = 9164774429D480FE00C31445 /* ContentView.swift */; };
		9164774729D480FE00C31445 /* Assets.xcassets in Resources */ = {isa = PBXBuildFile; fileRef = 9164774629D480FE00C31445 /* Assets.xcassets */; };
		9164774B29D480FE00C31445 /* Preview Assets.xcassets in Resources */ = {isa = PBXBuildFile; fileRef = 9164774A29D480FE00C31445 /* Preview Assets.xcassets */; };
		9164775529D480FE00C31445 /* ITA_12_Docs_OSZimtTests.swift in Sources */ = {isa = PBXBuildFile; fileRef = 9164775429D480FE00C31445 /* ITA_12_Docs_OSZimtTests.swift */; };
		9164775F29D480FE00C31445 /* ITA_12_Docs_OSZimtUITests.swift in Sources */ = {isa = PBXBuildFile; fileRef = 9164775E29D480FE00C31445 /* ITA_12_Docs_OSZimtUITests.swift */; };
		9164776129D480FE00C31445 /* ITA_12_Docs_OSZimtUITestsLaunchTests.swift in Sources */ = {isa = PBXBuildFile; fileRef = 9164776029D480FE00C31445 /* ITA_12_Docs_OSZimtUITestsLaunchTests.swift */; };
		919652FF29D4FA240091E784 /* Foundation.framework in Frameworks */ = {isa = PBXBuildFile; fileRef = 919652FD29D4FA1F0091E784 /* Foundation.framework */; };
		9196530229D4FA260091E784 /* SwiftUI.framework in Frameworks */ = {isa = PBXBuildFile; fileRef = 919652FB29D4FA070091E784 /* SwiftUI.framework */; };
		9196530429D4FA290091E784 /* WebKit.framework in Frameworks */ = {isa = PBXBuildFile; fileRef = 9164777229D4C37D00C31445 /* WebKit.framework */; };
/* End PBXBuildFile section */

/* Begin PBXContainerItemProxy section */
		9164775129D480FE00C31445 /* PBXContainerItemProxy */ = {
			isa = PBXContainerItemProxy;
			containerPortal = 9164773729D480FD00C31445 /* Project object */;
			proxyType = 1;
			remoteGlobalIDString = 9164773E29D480FD00C31445;
			remoteInfo = "ITA 12 Docs OSZimt";
		};
		9164775B29D480FE00C31445 /* PBXContainerItemProxy */ = {
			isa = PBXContainerItemProxy;
			containerPortal = 9164773729D480FD00C31445 /* Project object */;
			proxyType = 1;
			remoteGlobalIDString = 9164773E29D480FD00C31445;
			remoteInfo = "ITA 12 Docs OSZimt";
		};
/* End PBXContainerItemProxy section */

/* Begin PBXFileReference section */
		9164773F29D480FD00C31445 /* ITA 12 Docs OSZimt.app */ = {isa = PBXFileReference; explicitFileType = wrapper.application; includeInIndex = 0; path = "ITA 12 Docs OSZimt.app"; sourceTree = BUILT_PRODUCTS_DIR; };
		9164774229D480FD00C31445 /* ITA_12_Docs_OSZimtApp.swift */ = {isa = PBXFileReference; lastKnownFileType = sourcecode.swift; path = ITA_12_Docs_OSZimtApp.swift; sourceTree = "<group>"; };
		9164774429D480FE00C31445 /* ContentView.swift */ = {isa = PBXFileReference; lastKnownFileType = sourcecode.swift; path = ContentView.swift; sourceTree = "<group>"; };
		9164774629D480FE00C31445 /* Assets.xcassets */ = {isa = PBXFileReference; lastKnownFileType = folder.assetcatalog; path = Assets.xcassets; sourceTree = "<group>"; };
		9164774829D480FE00C31445 /* ITA_12_Docs_OSZimt.entitlements */ = {isa = PBXFileReference; lastKnownFileType = text.plist.entitlements; path = ITA_12_Docs_OSZimt.entitlements; sourceTree = "<group>"; };
		9164774A29D480FE00C31445 /* Preview Assets.xcassets */ = {isa = PBXFileReference; lastKnownFileType = folder.assetcatalog; path = "Preview Assets.xcassets"; sourceTree = "<group>"; };
		9164775029D480FE00C31445 /* ITA 12 Docs OSZimtTests.xctest */ = {isa = PBXFileReference; explicitFileType = wrapper.cfbundle; includeInIndex = 0; path = "ITA 12 Docs OSZimtTests.xctest"; sourceTree = BUILT_PRODUCTS_DIR; };
		9164775429D480FE00C31445 /* ITA_12_Docs_OSZimtTests.swift */ = {isa = PBXFileReference; lastKnownFileType = sourcecode.swift; path = ITA_12_Docs_OSZimtTests.swift; sourceTree = "<group>"; };
		9164775A29D480FE00C31445 /* ITA 12 Docs OSZimtUITests.xctest */ = {isa = PBXFileReference; explicitFileType = wrapper.cfbundle; includeInIndex = 0; path = "ITA 12 Docs OSZimtUITests.xctest"; sourceTree = BUILT_PRODUCTS_DIR; };
		9164775E29D480FE00C31445 /* ITA_12_Docs_OSZimtUITests.swift */ = {isa = PBXFileReference; lastKnownFileType = sourcecode.swift; path = ITA_12_Docs_OSZimtUITests.swift; sourceTree = "<group>"; };
		9164776029D480FE00C31445 /* ITA_12_Docs_OSZimtUITestsLaunchTests.swift */ = {isa = PBXFileReference; lastKnownFileType = sourcecode.swift; path = ITA_12_Docs_OSZimtUITestsLaunchTests.swift; sourceTree = "<group>"; };
		9164777229D4C37D00C31445 /* WebKit.framework */ = {isa = PBXFileReference; lastKnownFileType = wrapper.framework; name = WebKit.framework; path = Platforms/iPhoneOS.platform/Developer/SDKs/iPhoneOS16.2.sdk/System/Library/Frameworks/WebKit.framework; sourceTree = DEVELOPER_DIR; };
		9164777429D4C7F200C31445 /* ITA-12-Docs-OSZimt-Info.plist */ = {isa = PBXFileReference; lastKnownFileType = text.plist; path = "ITA-12-Docs-OSZimt-Info.plist"; sourceTree = SOURCE_ROOT; };
		919652FB29D4FA070091E784 /* SwiftUI.framework */ = {isa = PBXFileReference; lastKnownFileType = wrapper.framework; name = SwiftUI.framework; path = Platforms/iPhoneOS.platform/Developer/SDKs/iPhoneOS16.2.sdk/System/Library/Frameworks/SwiftUI.framework; sourceTree = DEVELOPER_DIR; };
		919652FD29D4FA1F0091E784 /* Foundation.framework */ = {isa = PBXFileReference; lastKnownFileType = wrapper.framework; name = Foundation.framework; path = Platforms/iPhoneOS.platform/Developer/SDKs/iPhoneOS16.2.sdk/System/Library/Frameworks/Foundation.framework; sourceTree = DEVELOPER_DIR; };
/* End PBXFileReference section */

/* Begin PBXFrameworksBuildPhase section */
		9164773C29D480FD00C31445 /* Frameworks */ = {
			isa = PBXFrameworksBuildPhase;
			buildActionMask = 2147483647;
			files = (
				919652FF29D4FA240091E784 /* Foundation.framework in Frameworks */,
				9196530229D4FA260091E784 /* SwiftUI.framework in Frameworks */,
				9196530429D4FA290091E784 /* WebKit.framework in Frameworks */,
			);
			runOnlyForDeploymentPostprocessing = 0;
		};
		9164774D29D480FE00C31445 /* Frameworks */ = {
			isa = PBXFrameworksBuildPhase;
			buildActionMask = 2147483647;
			files = (
			);
			runOnlyForDeploymentPostprocessing = 0;
		};
		9164775729D480FE00C31445 /* Frameworks */ = {
			isa = PBXFrameworksBuildPhase;
			buildActionMask = 2147483647;
			files = (
			);
			runOnlyForDeploymentPostprocessing = 0;
		};
/* End PBXFrameworksBuildPhase section */

/* Begin PBXGroup section */
		9164773629D480FD00C31445 = {
			isa = PBXGroup;
			children = (
				9164774129D480FD00C31445 /* ITA 12 Docs OSZimt */,
				9164775329D480FE00C31445 /* ITA 12 Docs OSZimtTests */,
				9164775D29D480FE00C31445 /* ITA 12 Docs OSZimtUITests */,
				9164774029D480FD00C31445 /* Products */,
				9164777129D4C37D00C31445 /* Frameworks */,
			);
			sourceTree = "<group>";
			wrapsLines = 0;
		};
		9164774029D480FD00C31445 /* Products */ = {
			isa = PBXGroup;
			children = (
				9164773F29D480FD00C31445 /* ITA 12 Docs OSZimt.app */,
				9164775029D480FE00C31445 /* ITA 12 Docs OSZimtTests.xctest */,
				9164775A29D480FE00C31445 /* ITA 12 Docs OSZimtUITests.xctest */,
			);
			name = Products;
			sourceTree = "<group>";
		};
		9164774129D480FD00C31445 /* ITA 12 Docs OSZimt */ = {
			isa = PBXGroup;
			children = (
				9164777429D4C7F200C31445 /* ITA-12-Docs-OSZimt-Info.plist */,
				9164774229D480FD00C31445 /* ITA_12_Docs_OSZimtApp.swift */,
				9164774429D480FE00C31445 /* ContentView.swift */,
				9164774629D480FE00C31445 /* Assets.xcassets */,
				9164774829D480FE00C31445 /* ITA_12_Docs_OSZimt.entitlements */,
				9164774929D480FE00C31445 /* Preview Content */,
			);
			path = "ITA 12 Docs OSZimt";
			sourceTree = "<group>";
		};
		9164774929D480FE00C31445 /* Preview Content */ = {
			isa = PBXGroup;
			children = (
				9164774A29D480FE00C31445 /* Preview Assets.xcassets */,
			);
			path = "Preview Content";
			sourceTree = "<group>";
		};
		9164775329D480FE00C31445 /* ITA 12 Docs OSZimtTests */ = {
			isa = PBXGroup;
			children = (
				9164775429D480FE00C31445 /* ITA_12_Docs_OSZimtTests.swift */,
			);
			path = "ITA 12 Docs OSZimtTests";
			sourceTree = "<group>";
		};
		9164775D29D480FE00C31445 /* ITA 12 Docs OSZimtUITests */ = {
			isa = PBXGroup;
			children = (
				9164775E29D480FE00C31445 /* ITA_12_Docs_OSZimtUITests.swift */,
				9164776029D480FE00C31445 /* ITA_12_Docs_OSZimtUITestsLaunchTests.swift */,
			);
			path = "ITA 12 Docs OSZimtUITests";
			sourceTree = "<group>";
		};
		9164777129D4C37D00C31445 /* Frameworks */ = {
			isa = PBXGroup;
			children = (
				919652FD29D4FA1F0091E784 /* Foundation.framework */,
				919652FB29D4FA070091E784 /* SwiftUI.framework */,
				9164777229D4C37D00C31445 /* WebKit.framework */,
			);
			name = Frameworks;
			sourceTree = "<group>";
		};
/* End PBXGroup section */

/* Begin PBXNativeTarget section */
		9164773E29D480FD00C31445 /* ITA 12 Docs OSZimt */ = {
			isa = PBXNativeTarget;
			buildConfigurationList = 9164776429D480FE00C31445 /* Build configuration list for PBXNativeTarget "ITA 12 Docs OSZimt" */;
			buildPhases = (
				9164773B29D480FD00C31445 /* Sources */,
				9164773C29D480FD00C31445 /* Frameworks */,
				9164773D29D480FD00C31445 /* Resources */,
			);
			buildRules = (
			);
			dependencies = (
			);
			name = "ITA 12 Docs OSZimt";
			productName = "ITA 12 Docs OSZimt";
			productReference = 9164773F29D480FD00C31445 /* ITA 12 Docs OSZimt.app */;
			productType = "com.apple.product-type.application";
		};
		9164774F29D480FE00C31445 /* ITA 12 Docs OSZimtTests */ = {
			isa = PBXNativeTarget;
			buildConfigurationList = 9164776729D480FE00C31445 /* Build configuration list for PBXNativeTarget "ITA 12 Docs OSZimtTests" */;
			buildPhases = (
				9164774C29D480FE00C31445 /* Sources */,
				9164774D29D480FE00C31445 /* Frameworks */,
				9164774E29D480FE00C31445 /* Resources */,
			);
			buildRules = (
			);
			dependencies = (
				9164775229D480FE00C31445 /* PBXTargetDependency */,
			);
			name = "ITA 12 Docs OSZimtTests";
			productName = "ITA 12 Docs OSZimtTests";
			productReference = 9164775029D480FE00C31445 /* ITA 12 Docs OSZimtTests.xctest */;
			productType = "com.apple.product-type.bundle.unit-test";
		};
		9164775929D480FE00C31445 /* ITA 12 Docs OSZimtUITests */ = {
			isa = PBXNativeTarget;
			buildConfigurationList = 9164776A29D480FE00C31445 /* Build configuration list for PBXNativeTarget "ITA 12 Docs OSZimtUITests" */;
			buildPhases = (
				9164775629D480FE00C31445 /* Sources */,
				9164775729D480FE00C31445 /* Frameworks */,
				9164775829D480FE00C31445 /* Resources */,
			);
			buildRules = (
			);
			dependencies = (
				9164775C29D480FE00C31445 /* PBXTargetDependency */,
			);
			name = "ITA 12 Docs OSZimtUITests";
			productName = "ITA 12 Docs OSZimtUITests";
			productReference = 9164775A29D480FE00C31445 /* ITA 12 Docs OSZimtUITests.xctest */;
			productType = "com.apple.product-type.bundle.ui-testing";
		};
/* End PBXNativeTarget section */

/* Begin PBXProject section */
		9164773729D480FD00C31445 /* Project object */ = {
			isa = PBXProject;
			attributes = {
				BuildIndependentTargetsInParallel = 1;
				LastSwiftUpdateCheck = 1420;
				LastUpgradeCheck = 1420;
				TargetAttributes = {
					9164773E29D480FD00C31445 = {
						CreatedOnToolsVersion = 14.2;
					};
					9164774F29D480FE00C31445 = {
						CreatedOnToolsVersion = 14.2;
						TestTargetID = 9164773E29D480FD00C31445;
					};
					9164775929D480FE00C31445 = {
						CreatedOnToolsVersion = 14.2;
						TestTargetID = 9164773E29D480FD00C31445;
					};
				};
			};
			buildConfigurationList = 9164773A29D480FD00C31445 /* Build configuration list for PBXProject "ITA 12 Docs OSZimt" */;
			compatibilityVersion = "Xcode 14.0";
			developmentRegion = en;
			hasScannedForEncodings = 0;
			knownRegions = (
				en,
				Base,
			);
			mainGroup = 9164773629D480FD00C31445;
			productRefGroup = 9164774029D480FD00C31445 /* Products */;
			projectDirPath = "";
			projectRoot = "";
			targets = (
				9164773E29D480FD00C31445 /* ITA 12 Docs OSZimt */,
				9164774F29D480FE00C31445 /* ITA 12 Docs OSZimtTests */,
				9164775929D480FE00C31445 /* ITA 12 Docs OSZimtUITests */,
			);
		};
/* End PBXProject section */

/* Begin PBXResourcesBuildPhase section */
		9164773D29D480FD00C31445 /* Resources */ = {
			isa = PBXResourcesBuildPhase;
			buildActionMask = 2147483647;
			files = (
				9164774B29D480FE00C31445 /* Preview Assets.xcassets in Resources */,
				9164774729D480FE00C31445 /* Assets.xcassets in Resources */,
			);
			runOnlyForDeploymentPostprocessing = 0;
		};
		9164774E29D480FE00C31445 /* Resources */ = {
			isa = PBXResourcesBuildPhase;
			buildActionMask = 2147483647;
			files = (
				9109BF4929D58E1C00534B0D /* Assets.xcassets in Resources */,
			);
			runOnlyForDeploymentPostprocessing = 0;
		};
		9164775829D480FE00C31445 /* Resources */ = {
			isa = PBXResourcesBuildPhase;
			buildActionMask = 2147483647;
			files = (
				9109BF4A29D58E1D00534B0D /* Assets.xcassets in Resources */,
			);
			runOnlyForDeploymentPostprocessing = 0;
		};
/* End PBXResourcesBuildPhase section */

/* Begin PBXSourcesBuildPhase section */
		9164773B29D480FD00C31445 /* Sources */ = {
			isa = PBXSourcesBuildPhase;
			buildActionMask = 2147483647;
			files = (
				9164774529D480FE00C31445 /* ContentView.swift in Sources */,
				9164774329D480FD00C31445 /* ITA_12_Docs_OSZimtApp.swift in Sources */,
			);
			runOnlyForDeploymentPostprocessing = 0;
		};
		9164774C29D480FE00C31445 /* Sources */ = {
			isa = PBXSourcesBuildPhase;
			buildActionMask = 2147483647;
			files = (
				9164775529D480FE00C31445 /* ITA_12_Docs_OSZimtTests.swift in Sources */,
			);
			runOnlyForDeploymentPostprocessing = 0;
		};
		9164775629D480FE00C31445 /* Sources */ = {
			isa = PBXSourcesBuildPhase;
			buildActionMask = 2147483647;
			files = (
				9164775F29D480FE00C31445 /* ITA_12_Docs_OSZimtUITests.swift in Sources */,
				9164776129D480FE00C31445 /* ITA_12_Docs_OSZimtUITestsLaunchTests.swift in Sources */,
			);
			runOnlyForDeploymentPostprocessing = 0;
		};
/* End PBXSourcesBuildPhase section */

/* Begin PBXTargetDependency section */
		9164775229D480FE00C31445 /* PBXTargetDependency */ = {
			isa = PBXTargetDependency;
			target = 9164773E29D480FD00C31445 /* ITA 12 Docs OSZimt */;
			targetProxy = 9164775129D480FE00C31445 /* PBXContainerItemProxy */;
		};
		9164775C29D480FE00C31445 /* PBXTargetDependency */ = {
			isa = PBXTargetDependency;
			target = 9164773E29D480FD00C31445 /* ITA 12 Docs OSZimt */;
			targetProxy = 9164775B29D480FE00C31445 /* PBXContainerItemProxy */;
		};
/* End PBXTargetDependency section */

/* Begin XCBuildConfiguration section */
		9164776229D480FE00C31445 /* Debug */ = {
			isa = XCBuildConfiguration;
			buildSettings = {
				ALWAYS_SEARCH_USER_PATHS = NO;
				CLANG_ANALYZER_NONNULL = YES;
				CLANG_ANALYZER_NUMBER_OBJECT_CONVERSION = YES_AGGRESSIVE;
				CLANG_CXX_LANGUAGE_STANDARD = "gnu++20";
				CLANG_ENABLE_MODULES = YES;
				CLANG_ENABLE_OBJC_ARC = YES;
				CLANG_ENABLE_OBJC_WEAK = YES;
				CLANG_WARN_BLOCK_CAPTURE_AUTORELEASING = YES;
				CLANG_WARN_BOOL_CONVERSION = YES;
				CLANG_WARN_COMMA = YES;
				CLANG_WARN_CONSTANT_CONVERSION = YES;
				CLANG_WARN_DEPRECATED_OBJC_IMPLEMENTATIONS = YES;
				CLANG_WARN_DIRECT_OBJC_ISA_USAGE = YES_ERROR;
				CLANG_WARN_DOCUMENTATION_COMMENTS = YES;
				CLANG_WARN_EMPTY_BODY = YES;
				CLANG_WARN_ENUM_CONVERSION = YES;
				CLANG_WARN_INFINITE_RECURSION = YES;
				CLANG_WARN_INT_CONVERSION = YES;
				CLANG_WARN_NON_LITERAL_NULL_CONVERSION = YES;
				CLANG_WARN_OBJC_IMPLICIT_RETAIN_SELF = YES;
				CLANG_WARN_OBJC_LITERAL_CONVERSION = YES;
				CLANG_WARN_OBJC_ROOT_CLASS = YES_ERROR;
				CLANG_WARN_QUOTED_INCLUDE_IN_FRAMEWORK_HEADER = YES;
				CLANG_WARN_RANGE_LOOP_ANALYSIS = YES;
				CLANG_WARN_STRICT_PROTOTYPES = YES;
				CLANG_WARN_SUSPICIOUS_MOVE = YES;
				CLANG_WARN_UNGUARDED_AVAILABILITY = YES_AGGRESSIVE;
				CLANG_WARN_UNREACHABLE_CODE = YES;
				CLANG_WARN__DUPLICATE_METHOD_MATCH = YES;
				COPY_PHASE_STRIP = NO;
				DEBUG_INFORMATION_FORMAT = dwarf;
				ENABLE_STRICT_OBJC_MSGSEND = YES;
				ENABLE_TESTABILITY = YES;
				GCC_C_LANGUAGE_STANDARD = gnu11;
				GCC_DYNAMIC_NO_PIC = NO;
				GCC_NO_COMMON_BLOCKS = YES;
				GCC_OPTIMIZATION_LEVEL = 0;
				GCC_PREPROCESSOR_DEFINITIONS = (
					"DEBUG=1",
					"$(inherited)",
				);
				GCC_WARN_64_TO_32_BIT_CONVERSION = YES;
				GCC_WARN_ABOUT_RETURN_TYPE = YES_ERROR;
				GCC_WARN_UNDECLARED_SELECTOR = YES;
				GCC_WARN_UNINITIALIZED_AUTOS = YES_AGGRESSIVE;
				GCC_WARN_UNUSED_FUNCTION = YES;
				GCC_WARN_UNUSED_VARIABLE = YES;
				IPHONEOS_DEPLOYMENT_TARGET = 14.0;
				MACOSX_DEPLOYMENT_TARGET = 11.0;
				MTL_ENABLE_DEBUG_INFO = INCLUDE_SOURCE;
				MTL_FAST_MATH = YES;
				ONLY_ACTIVE_ARCH = YES;
				SWIFT_ACTIVE_COMPILATION_CONDITIONS = DEBUG;
				SWIFT_OPTIMIZATION_LEVEL = "-Onone";
			};
			name = Debug;
		};
		9164776329D480FE00C31445 /* Release */ = {
			isa = XCBuildConfiguration;
			buildSettings = {
				ALWAYS_SEARCH_USER_PATHS = NO;
				CLANG_ANALYZER_NONNULL = YES;
				CLANG_ANALYZER_NUMBER_OBJECT_CONVERSION = YES_AGGRESSIVE;
				CLANG_CXX_LANGUAGE_STANDARD = "gnu++20";
				CLANG_ENABLE_MODULES = YES;
				CLANG_ENABLE_OBJC_ARC = YES;
				CLANG_ENABLE_OBJC_WEAK = YES;
				CLANG_WARN_BLOCK_CAPTURE_AUTORELEASING = YES;
				CLANG_WARN_BOOL_CONVERSION = YES;
				CLANG_WARN_COMMA = YES;
				CLANG_WARN_CONSTANT_CONVERSION = YES;
				CLANG_WARN_DEPRECATED_OBJC_IMPLEMENTATIONS = YES;
				CLANG_WARN_DIRECT_OBJC_ISA_USAGE = YES_ERROR;
				CLANG_WARN_DOCUMENTATION_COMMENTS = YES;
				CLANG_WARN_EMPTY_BODY = YES;
				CLANG_WARN_ENUM_CONVERSION = YES;
				CLANG_WARN_INFINITE_RECURSION = YES;
				CLANG_WARN_INT_CONVERSION = YES;
				CLANG_WARN_NON_LITERAL_NULL_CONVERSION = YES;
				CLANG_WARN_OBJC_IMPLICIT_RETAIN_SELF = YES;
				CLANG_WARN_OBJC_LITERAL_CONVERSION = YES;
				CLANG_WARN_OBJC_ROOT_CLASS = YES_ERROR;
				CLANG_WARN_QUOTED_INCLUDE_IN_FRAMEWORK_HEADER = YES;
				CLANG_WARN_RANGE_LOOP_ANALYSIS = YES;
				CLANG_WARN_STRICT_PROTOTYPES = YES;
				CLANG_WARN_SUSPICIOUS_MOVE = YES;
				CLANG_WARN_UNGUARDED_AVAILABILITY = YES_AGGRESSIVE;
				CLANG_WARN_UNREACHABLE_CODE = YES;
				CLANG_WARN__DUPLICATE_METHOD_MATCH = YES;
				COPY_PHASE_STRIP = NO;
				DEBUG_INFORMATION_FORMAT = "dwarf-with-dsym";
				ENABLE_NS_ASSERTIONS = NO;
				ENABLE_STRICT_OBJC_MSGSEND = YES;
				GCC_C_LANGUAGE_STANDARD = gnu11;
				GCC_NO_COMMON_BLOCKS = YES;
				GCC_WARN_64_TO_32_BIT_CONVERSION = YES;
				GCC_WARN_ABOUT_RETURN_TYPE = YES_ERROR;
				GCC_WARN_UNDECLARED_SELECTOR = YES;
				GCC_WARN_UNINITIALIZED_AUTOS = YES_AGGRESSIVE;
				GCC_WARN_UNUSED_FUNCTION = YES;
				GCC_WARN_UNUSED_VARIABLE = YES;
				IPHONEOS_DEPLOYMENT_TARGET = 14.0;
				MACOSX_DEPLOYMENT_TARGET = 11.0;
				MTL_ENABLE_DEBUG_INFO = NO;
				MTL_FAST_MATH = YES;
				SWIFT_COMPILATION_MODE = wholemodule;
				SWIFT_OPTIMIZATION_LEVEL = "-O";
			};
			name = Release;
		};
		9164776529D480FE00C31445 /* Debug */ = {
			isa = XCBuildConfiguration;
			buildSettings = {
				ASSETCATALOG_COMPILER_APPICON_NAME = AppIcon;
				ASSETCATALOG_COMPILER_GLOBAL_ACCENT_COLOR_NAME = AccentColor;
				ASSETCATALOG_COMPILER_INCLUDE_ALL_APPICON_ASSETS = YES;
				CODE_SIGN_ENTITLEMENTS = "ITA 12 Docs OSZimt/ITA_12_Docs_OSZimt.entitlements";
				"CODE_SIGN_IDENTITY[sdk=macosx*]" = "-";
				CODE_SIGN_STYLE = Automatic;
				CURRENT_PROJECT_VERSION = 1;
				DEVELOPMENT_ASSET_PATHS = "\"ITA 12 Docs OSZimt/Preview Content\"";
				DEVELOPMENT_TEAM = 3KUZ76Z8W3;
				ENABLE_HARDENED_RUNTIME = YES;
				"ENABLE_HARDENED_RUNTIME[sdk=macosx*]" = YES;
				ENABLE_PREVIEWS = YES;
				GENERATE_INFOPLIST_FILE = YES;
				INFOPLIST_FILE = "ITA-12-Docs-OSZimt-Info.plist";
				INFOPLIST_KEY_CFBundleDisplayName = "ITA 12 Docs";
				INFOPLIST_KEY_LSApplicationCategoryType = "public.app-category.education";
				"INFOPLIST_KEY_UIApplicationSceneManifest_Generation[sdk=iphoneos*]" = YES;
				"INFOPLIST_KEY_UIApplicationSceneManifest_Generation[sdk=iphonesimulator*]" = YES;
				"INFOPLIST_KEY_UIApplicationSupportsIndirectInputEvents[sdk=iphoneos*]" = YES;
				"INFOPLIST_KEY_UIApplicationSupportsIndirectInputEvents[sdk=iphonesimulator*]" = YES;
				"INFOPLIST_KEY_UILaunchScreen_Generation[sdk=iphoneos*]" = YES;
				"INFOPLIST_KEY_UILaunchScreen_Generation[sdk=iphonesimulator*]" = YES;
				INFOPLIST_KEY_UIRequiresFullScreen = NO;
				INFOPLIST_KEY_UIStatusBarStyle = UIStatusBarStyleDarkContent;
				"INFOPLIST_KEY_UIStatusBarStyle[sdk=iphoneos*]" = UIStatusBarStyleDefault;
				"INFOPLIST_KEY_UIStatusBarStyle[sdk=iphonesimulator*]" = UIStatusBarStyleDefault;
				INFOPLIST_KEY_UISupportedInterfaceOrientations = UIInterfaceOrientationPortrait;
				INFOPLIST_KEY_UISupportedInterfaceOrientations_iPad = "UIInterfaceOrientationLandscapeLeft UIInterfaceOrientationLandscapeRight UIInterfaceOrientationPortrait";
				IPHONEOS_DEPLOYMENT_TARGET = 14.0;
				LD_RUNPATH_SEARCH_PATHS = "@executable_path/Frameworks";
				"LD_RUNPATH_SEARCH_PATHS[sdk=macosx*]" = "@executable_path/../Frameworks";
				MACOSX_DEPLOYMENT_TARGET = 11.0;
				MARKETING_VERSION = 1.0;
				PRODUCT_BUNDLE_IDENTIFIER = "comboompunktsucht.ITA-12-Docs-OSZimt";
				PRODUCT_NAME = "$(TARGET_NAME)";
				SDKROOT = auto;
				SUPPORTED_PLATFORMS = "iphoneos iphonesimulator";
				SUPPORTS_MACCATALYST = YES;
				SUPPORTS_MAC_DESIGNED_FOR_IPHONE_IPAD = NO;
				SWIFT_EMIT_LOC_STRINGS = YES;
				SWIFT_VERSION = 5.0;
				TARGETED_DEVICE_FAMILY = "1,2,6";
			};
			name = Debug;
		};
		9164776629D480FE00C31445 /* Release */ = {
			isa = XCBuildConfiguration;
			buildSettings = {
				ASSETCATALOG_COMPILER_APPICON_NAME = AppIcon;
				ASSETCATALOG_COMPILER_GLOBAL_ACCENT_COLOR_NAME = AccentColor;
				ASSETCATALOG_COMPILER_INCLUDE_ALL_APPICON_ASSETS = YES;
				CODE_SIGN_ENTITLEMENTS = "ITA 12 Docs OSZimt/ITA_12_Docs_OSZimt.entitlements";
				"CODE_SIGN_IDENTITY[sdk=macosx*]" = "-";
				CODE_SIGN_STYLE = Automatic;
				CURRENT_PROJECT_VERSION = 1;
				DEVELOPMENT_ASSET_PATHS = "\"ITA 12 Docs OSZimt/Preview Content\"";
				DEVELOPMENT_TEAM = 3KUZ76Z8W3;
				ENABLE_HARDENED_RUNTIME = YES;
				"ENABLE_HARDENED_RUNTIME[sdk=macosx*]" = YES;
				ENABLE_PREVIEWS = YES;
				GENERATE_INFOPLIST_FILE = YES;
				INFOPLIST_FILE = "ITA-12-Docs-OSZimt-Info.plist";
				INFOPLIST_KEY_CFBundleDisplayName = "ITA 12 Docs";
				INFOPLIST_KEY_LSApplicationCategoryType = "public.app-category.education";
				"INFOPLIST_KEY_UIApplicationSceneManifest_Generation[sdk=iphoneos*]" = YES;
				"INFOPLIST_KEY_UIApplicationSceneManifest_Generation[sdk=iphonesimulator*]" = YES;
				"INFOPLIST_KEY_UIApplicationSupportsIndirectInputEvents[sdk=iphoneos*]" = YES;
				"INFOPLIST_KEY_UIApplicationSupportsIndirectInputEvents[sdk=iphonesimulator*]" = YES;
				"INFOPLIST_KEY_UILaunchScreen_Generation[sdk=iphoneos*]" = YES;
				"INFOPLIST_KEY_UILaunchScreen_Generation[sdk=iphonesimulator*]" = YES;
				INFOPLIST_KEY_UIRequiresFullScreen = NO;
				INFOPLIST_KEY_UIStatusBarStyle = UIStatusBarStyleDarkContent;
				"INFOPLIST_KEY_UIStatusBarStyle[sdk=iphoneos*]" = UIStatusBarStyleDefault;
				"INFOPLIST_KEY_UIStatusBarStyle[sdk=iphonesimulator*]" = UIStatusBarStyleDefault;
				INFOPLIST_KEY_UISupportedInterfaceOrientations = UIInterfaceOrientationPortrait;
				INFOPLIST_KEY_UISupportedInterfaceOrientations_iPad = "UIInterfaceOrientationLandscapeLeft UIInterfaceOrientationLandscapeRight UIInterfaceOrientationPortrait";
				IPHONEOS_DEPLOYMENT_TARGET = 14.0;
				LD_RUNPATH_SEARCH_PATHS = "@executable_path/Frameworks";
				"LD_RUNPATH_SEARCH_PATHS[sdk=macosx*]" = "@executable_path/../Frameworks";
				MACOSX_DEPLOYMENT_TARGET = 11.0;
				MARKETING_VERSION = 1.0;
				PRODUCT_BUNDLE_IDENTIFIER = "comboompunktsucht.ITA-12-Docs-OSZimt";
				PRODUCT_NAME = "$(TARGET_NAME)";
				SDKROOT = auto;
				SUPPORTED_PLATFORMS = "iphoneos iphonesimulator";
				SUPPORTS_MACCATALYST = YES;
				SUPPORTS_MAC_DESIGNED_FOR_IPHONE_IPAD = NO;
				SWIFT_EMIT_LOC_STRINGS = YES;
				SWIFT_VERSION = 5.0;
				TARGETED_DEVICE_FAMILY = "1,2,6";
			};
			name = Release;
		};
		9164776829D480FE00C31445 /* Debug */ = {
			isa = XCBuildConfiguration;
			buildSettings = {
				ALWAYS_EMBED_SWIFT_STANDARD_LIBRARIES = YES;
				BUNDLE_LOADER = "$(TEST_HOST)";
				CODE_SIGN_STYLE = Automatic;
				CURRENT_PROJECT_VERSION = 1;
				DEVELOPMENT_TEAM = 3KUZ76Z8W3;
				GENERATE_INFOPLIST_FILE = YES;
				IPHONEOS_DEPLOYMENT_TARGET = 14.0;
				MACOSX_DEPLOYMENT_TARGET = 11.0;
				MARKETING_VERSION = 1.0;
				PRODUCT_BUNDLE_IDENTIFIER = "comboompunktsucht.ITA-12-Docs-OSZimtTests";
				PRODUCT_NAME = "$(TARGET_NAME)";
				SDKROOT = auto;
				SUPPORTED_PLATFORMS = "iphoneos iphonesimulator macosx";
				SWIFT_EMIT_LOC_STRINGS = NO;
				SWIFT_VERSION = 5.0;
				TARGETED_DEVICE_FAMILY = "1,2";
				TEST_HOST = "$(BUILT_PRODUCTS_DIR)/ITA 12 Docs OSZimt.app/$(BUNDLE_EXECUTABLE_FOLDER_PATH)/ITA 12 Docs OSZimt";
			};
			name = Debug;
		};
		9164776929D480FE00C31445 /* Release */ = {
			isa = XCBuildConfiguration;
			buildSettings = {
				ALWAYS_EMBED_SWIFT_STANDARD_LIBRARIES = YES;
				BUNDLE_LOADER = "$(TEST_HOST)";
				CODE_SIGN_STYLE = Automatic;
				CURRENT_PROJECT_VERSION = 1;
				DEVELOPMENT_TEAM = 3KUZ76Z8W3;
				GENERATE_INFOPLIST_FILE = YES;
				IPHONEOS_DEPLOYMENT_TARGET = 14.0;
				MACOSX_DEPLOYMENT_TARGET = 11.0;
				MARKETING_VERSION = 1.0;
				PRODUCT_BUNDLE_IDENTIFIER = "comboompunktsucht.ITA-12-Docs-OSZimtTests";
				PRODUCT_NAME = "$(TARGET_NAME)";
				SDKROOT = auto;
				SUPPORTED_PLATFORMS = "iphoneos iphonesimulator macosx";
				SWIFT_EMIT_LOC_STRINGS = NO;
				SWIFT_VERSION = 5.0;
				TARGETED_DEVICE_FAMILY = "1,2";
				TEST_HOST = "$(BUILT_PRODUCTS_DIR)/ITA 12 Docs OSZimt.app/$(BUNDLE_EXECUTABLE_FOLDER_PATH)/ITA 12 Docs OSZimt";
			};
			name = Release;
		};
		9164776B29D480FE00C31445 /* Debug */ = {
			isa = XCBuildConfiguration;
			buildSettings = {
				ALWAYS_EMBED_SWIFT_STANDARD_LIBRARIES = YES;
				CODE_SIGN_STYLE = Automatic;
				CURRENT_PROJECT_VERSION = 1;
				DEVELOPMENT_TEAM = 3KUZ76Z8W3;
				GENERATE_INFOPLIST_FILE = YES;
				IPHONEOS_DEPLOYMENT_TARGET = 14.0;
				MACOSX_DEPLOYMENT_TARGET = 11.0;
				MARKETING_VERSION = 1.0;
				PRODUCT_BUNDLE_IDENTIFIER = "comboompunktsucht.ITA-12-Docs-OSZimtUITests";
				PRODUCT_NAME = "$(TARGET_NAME)";
				SDKROOT = auto;
				SUPPORTED_PLATFORMS = "iphoneos iphonesimulator macosx";
				SWIFT_EMIT_LOC_STRINGS = NO;
				SWIFT_VERSION = 5.0;
				TARGETED_DEVICE_FAMILY = "1,2";
				TEST_TARGET_NAME = "ITA 12 Docs OSZimt";
			};
			name = Debug;
		};
		9164776C29D480FE00C31445 /* Release */ = {
			isa = XCBuildConfiguration;
			buildSettings = {
				ALWAYS_EMBED_SWIFT_STANDARD_LIBRARIES = YES;
				CODE_SIGN_STYLE = Automatic;
				CURRENT_PROJECT_VERSION = 1;
				DEVELOPMENT_TEAM = 3KUZ76Z8W3;
				GENERATE_INFOPLIST_FILE = YES;
				IPHONEOS_DEPLOYMENT_TARGET = 14.0;
				MACOSX_DEPLOYMENT_TARGET = 11.0;
				MARKETING_VERSION = 1.0;
				PRODUCT_BUNDLE_IDENTIFIER = "comboompunktsucht.ITA-12-Docs-OSZimtUITests";
				PRODUCT_NAME = "$(TARGET_NAME)";
				SDKROOT = auto;
				SUPPORTED_PLATFORMS = "iphoneos iphonesimulator macosx";
				SWIFT_EMIT_LOC_STRINGS = NO;
				SWIFT_VERSION = 5.0;
				TARGETED_DEVICE_FAMILY = "1,2";
				TEST_TARGET_NAME = "ITA 12 Docs OSZimt";
			};
			name = Release;
		};
/* End XCBuildConfiguration section */

/* Begin XCConfigurationList section */
		9164773A29D480FD00C31445 /* Build configuration list for PBXProject "ITA 12 Docs OSZimt" */ = {
			isa = XCConfigurationList;
			buildConfigurations = (
				9164776229D480FE00C31445 /* Debug */,
				9164776329D480FE00C31445 /* Release */,
			);
			defaultConfigurationIsVisible = 0;
			defaultConfigurationName = Release;
		};
		9164776429D480FE00C31445 /* Build configuration list for PBXNativeTarget "ITA 12 Docs OSZimt" */ = {
			isa = XCConfigurationList;
			buildConfigurations = (
				9164776529D480FE00C31445 /* Debug */,
				9164776629D480FE00C31445 /* Release */,
			);
			defaultConfigurationIsVisible = 0;
			defaultConfigurationName = Release;
		};
		9164776729D480FE00C31445 /* Build configuration list for PBXNativeTarget "ITA 12 Docs OSZimtTests" */ = {
			isa = XCConfigurationList;
			buildConfigurations = (
				9164776829D480FE00C31445 /* Debug */,
				9164776929D480FE00C31445 /* Release */,
			);
			defaultConfigurationIsVisible = 0;
			defaultConfigurationName = Release;
		};
		9164776A29D480FE00C31445 /* Build configuration list for PBXNativeTarget "ITA 12 Docs OSZimtUITests" */ = {
			isa = XCConfigurationList;
			buildConfigurations = (
				9164776B29D480FE00C31445 /* Debug */,
				9164776C29D480FE00C31445 /* Release */,
			);
			defaultConfigurationIsVisible = 0;
			defaultConfigurationName = Release;
		};
/* End XCConfigurationList section */
	};
	rootObject = 9164773729D480FD00C31445 /* Project object */;
}
